
Microsoft Visual Studio Solution File, Format Version 12.00
# Visual Studio Version 16
VisualStudioVersion = 16.0.30011.22
MinimumVisualStudioVersion = 10.0.40219.1
Project("{2150E333-8FDC-42A3-9474-1A3956D46DE8}") = "Client", "Client", "{930764C9-5229-407A-B6AF-2021D0958839}"
EndProject
Project("{2150E333-8FDC-42A3-9474-1A3956D46DE8}") = "Platform", "Platform", "{2DE4CE70-C913-4D42-B56B-780D978D2256}"
EndProject
Project("{2150E333-8FDC-42A3-9474-1A3956D46DE8}") = "Api", "Api", "{65B3792D-A6AE-429B-BAFE-B48F2D93600A}"
EndProject
Project("{2150E333-8FDC-42A3-9474-1A3956D46DE8}") = "Common", "Common", "{FCB7A8BA-1272-4647-A77A-D20FDA88BDAA}"
EndProject
Project("{2150E333-8FDC-42A3-9474-1A3956D46DE8}") = "Dao", "Dao", "{8A989634-AF7C-4250-8CB2-E36514DC985B}"
EndProject
Project("{2150E333-8FDC-42A3-9474-1A3956D46DE8}") = "Model", "Model", "{FEC8A1CA-6E58-4498-9B18-D01F1E1F0CA0}"
EndProject
Project("{FAE04EC0-301F-11D3-BF4B-00C04F79EFBC}") = "DikekoStore.Dao", "DikekoStore.Dao\DikekoStore.Dao.csproj", "{857D1E8F-9841-4D72-8705-43D42B8B49E2}"
EndProject
Project("{FAE04EC0-301F-11D3-BF4B-00C04F79EFBC}") = "DikekoStore.Api", "DikekoStore.Api\DikekoStore.Api.csproj", "{DB689046-C31C-454E-BADA-2A2605A7EA07}"
EndProject
Project("{FAE04EC0-301F-11D3-BF4B-00C04F79EFBC}") = "DikekoStore.Client.Interface", "DikekoStore.Client.Interface\DikekoStore.Client.Interface.csproj", "{A72829C5-DE49-4D36-9FC8-81A3CBB46052}"
EndProject
Project("{FAE04EC0-301F-11D3-BF4B-00C04F79EFBC}") = "DikekoStore.Client.Service", "DikekoStore.Client.Service\DikekoStore.Client.Service.csproj", "{C9EB3E16-DA68-452D-BEBA-B7284FD690D3}"
EndProject
Project("{FAE04EC0-301F-11D3-BF4B-00C04F79EFBC}") = "DikekoStore.Client.Business", "DikekoStore.Client.Business\DikekoStore.Client.Business.csproj", "{9EDB2046-D607-48A9-8435-3C26995ECA1F}"
EndProject
Project("{FAE04EC0-301F-11D3-BF4B-00C04F79EFBC}") = "DikekoStore.Platform.Business", "DikekoStore.Platform.Business\DikekoStore.Platform.Business.csproj", "{1AAC0059-FE1D-43F4-B13E-60C1D2DC3460}"
EndProject
Project("{FAE04EC0-301F-11D3-BF4B-00C04F79EFBC}") = "DikekoStore.Platform.Service", "DikekoStore.Platform.Service\DikekoStore.Platform.Service.csproj", "{D4209762-2508-424A-810A-D578ED3FD271}"
EndProject
Project("{FAE04EC0-301F-11D3-BF4B-00C04F79EFBC}") = "DikekoStore.Platform.Interface", "DikekoStore.Platform.Interface\DikekoStore.Platform.Interface.csproj", "{8A80A951-B04F-4FEA-A7DE-471E24B05FA9}"
EndProject
Project("{FAE04EC0-301F-11D3-BF4B-00C04F79EFBC}") = "DikekoStore.Model.Common", "DikekoStore.Model.Common\DikekoStore.Model.Common.csproj", "{309A7F55-F165-436B-ABA9-3BD166F8299E}"
EndProject
Project("{FAE04EC0-301F-11D3-BF4B-00C04F79EFBC}") = "DikekoStore.Model.Request", "DikekoStore.Model.Request\DikekoStore.Model.Request.csproj", "{F19E866D-C881-43CA-B12E-9235D85267C4}"
EndProject
Project("{FAE04EC0-301F-11D3-BF4B-00C04F79EFBC}") = "DikekoStore.Model.Response", "DikekoStore.Model.Response\DikekoStore.Model.Response.csproj", "{FF4A7B1F-B80D-4520-91EB-F127B077A0B0}"
EndProject
Project("{FAE04EC0-301F-11D3-BF4B-00C04F79EFBC}") = "DikekoStore.Common", "DikekoStore.Common\DikekoStore.Common.csproj", "{BF691CF0-62C4-4DC6-A454-35E9BF53B59F}"
EndProject
Global
	GlobalSection(SolutionConfigurationPlatforms) = preSolution
		Debug|Any CPU = Debug|Any CPU
		Release|Any CPU = Release|Any CPU
	EndGlobalSection
	GlobalSection(ProjectConfigurationPlatforms) = postSolution
		{857D1E8F-9841-4D72-8705-43D42B8B49E2}.Debug|Any CPU.ActiveCfg = Debug|Any CPU
		{857D1E8F-9841-4D72-8705-43D42B8B49E2}.Debug|Any CPU.Build.0 = Debug|Any CPU
		{857D1E8F-9841-4D72-8705-43D42B8B49E2}.Release|Any CPU.ActiveCfg = Release|Any CPU
		{857D1E8F-9841-4D72-8705-43D42B8B49E2}.Release|Any CPU.Build.0 = Release|Any CPU
		{DB689046-C31C-454E-BADA-2A2605A7EA07}.Debug|Any CPU.ActiveCfg = Debug|Any CPU
		{DB689046-C31C-454E-BADA-2A2605A7EA07}.Debug|Any CPU.Build.0 = Debug|Any CPU
		{DB689046-C31C-454E-BADA-2A2605A7EA07}.Release|Any CPU.ActiveCfg = Release|Any CPU
		{DB689046-C31C-454E-BADA-2A2605A7EA07}.Release|Any CPU.Build.0 = Release|Any CPU
		{A72829C5-DE49-4D36-9FC8-81A3CBB46052}.Debug|Any CPU.ActiveCfg = Debug|Any CPU
		{A72829C5-DE49-4D36-9FC8-81A3CBB46052}.Debug|Any CPU.Build.0 = Debug|Any CPU
		{A72829C5-DE49-4D36-9FC8-81A3CBB46052}.Release|Any CPU.ActiveCfg = Release|Any CPU
		{A72829C5-DE49-4D36-9FC8-81A3CBB46052}.Release|Any CPU.Build.0 = Release|Any CPU
		{C9EB3E16-DA68-452D-BEBA-B7284FD690D3}.Debug|Any CPU.ActiveCfg = Debug|Any CPU
		{C9EB3E16-DA68-452D-BEBA-B7284FD690D3}.Debug|Any CPU.Build.0 = Debug|Any CPU
		{C9EB3E16-DA68-452D-BEBA-B7284FD690D3}.Release|Any CPU.ActiveCfg = Release|Any CPU
		{C9EB3E16-DA68-452D-BEBA-B7284FD690D3}.Release|Any CPU.Build.0 = Release|Any CPU
		{9EDB2046-D607-48A9-8435-3C26995ECA1F}.Debug|Any CPU.ActiveCfg = Debug|Any CPU
		{9EDB2046-D607-48A9-8435-3C26995ECA1F}.Debug|Any CPU.Build.0 = Debug|Any CPU
		{9EDB2046-D607-48A9-8435-3C26995ECA1F}.Release|Any CPU.ActiveCfg = Release|Any CPU
		{9EDB2046-D607-48A9-8435-3C26995ECA1F}.Release|Any CPU.Build.0 = Release|Any CPU
		{1AAC0059-FE1D-43F4-B13E-60C1D2DC3460}.Debug|Any CPU.ActiveCfg = Debug|Any CPU
		{1AAC0059-FE1D-43F4-B13E-60C1D2DC3460}.Debug|Any CPU.Build.0 = Debug|Any CPU
		{1AAC0059-FE1D-43F4-B13E-60C1D2DC3460}.Release|Any CPU.ActiveCfg = Release|Any CPU
		{1AAC0059-FE1D-43F4-B13E-60C1D2DC3460}.Release|Any CPU.Build.0 = Release|Any CPU
		{D4209762-2508-424A-810A-D578ED3FD271}.Debug|Any CPU.ActiveCfg = Debug|Any CPU
		{D4209762-2508-424A-810A-D578ED3FD271}.Debug|Any CPU.Build.0 = Debug|Any CPU
		{D4209762-2508-424A-810A-D578ED3FD271}.Release|Any CPU.ActiveCfg = Release|Any CPU
		{D4209762-2508-424A-810A-D578ED3FD271}.Release|Any CPU.Build.0 = Release|Any CPU
		{8A80A951-B04F-4FEA-A7DE-471E24B05FA9}.Debug|Any CPU.ActiveCfg = Debug|Any CPU
		{8A80A951-B04F-4FEA-A7DE-471E24B05FA9}.Debug|Any CPU.Build.0 = Debug|Any CPU
		{8A80A951-B04F-4FEA-A7DE-471E24B05FA9}.Release|Any CPU.ActiveCfg = Release|Any CPU
		{8A80A951-B04F-4FEA-A7DE-471E24B05FA9}.Release|Any CPU.Build.0 = Release|Any CPU
		{309A7F55-F165-436B-ABA9-3BD166F8299E}.Debug|Any CPU.ActiveCfg = Debug|Any CPU
		{309A7F55-F165-436B-ABA9-3BD166F8299E}.Debug|Any CPU.Build.0 = Debug|Any CPU
		{309A7F55-F165-436B-ABA9-3BD166F8299E}.Release|Any CPU.ActiveCfg = Release|Any CPU
		{309A7F55-F165-436B-ABA9-3BD166F8299E}.Release|Any CPU.Build.0 = Release|Any CPU
		{F19E866D-C881-43CA-B12E-9235D85267C4}.Debug|Any CPU.ActiveCfg = Debug|Any CPU
		{F19E866D-C881-43CA-B12E-9235D85267C4}.Debug|Any CPU.Build.0 = Debug|Any CPU
		{F19E866D-C881-43CA-B12E-9235D85267C4}.Release|Any CPU.ActiveCfg = Release|Any CPU
		{F19E866D-C881-43CA-B12E-9235D85267C4}.Release|Any CPU.Build.0 = Release|Any CPU
		{FF4A7B1F-B80D-4520-91EB-F127B077A0B0}.Debug|Any CPU.ActiveCfg = Debug|Any CPU
		{FF4A7B1F-B80D-4520-91EB-F127B077A0B0}.Debug|Any CPU.Build.0 = Debug|Any CPU
		{FF4A7B1F-B80D-4520-91EB-F127B077A0B0}.Release|Any CPU.ActiveCfg = Release|Any CPU
		{FF4A7B1F-B80D-4520-91EB-F127B077A0B0}.Release|Any CPU.Build.0 = Release|Any CPU
		{BF691CF0-62C4-4DC6-A454-35E9BF53B59F}.Debug|Any CPU.ActiveCfg = Debug|Any CPU
		{BF691CF0-62C4-4DC6-A454-35E9BF53B59F}.Debug|Any CPU.Build.0 = Debug|Any CPU
		{BF691CF0-62C4-4DC6-A454-35E9BF53B59F}.Release|Any CPU.ActiveCfg = Release|Any CPU
		{BF691CF0-62C4-4DC6-A454-35E9BF53B59F}.Release|Any CPU.Build.0 = Release|Any CPU
	EndGlobalSection
	GlobalSection(SolutionProperties) = preSolution
		HideSolutionNode = FALSE
	EndGlobalSection
	GlobalSection(NestedProjects) = preSolution
		{857D1E8F-9841-4D72-8705-43D42B8B49E2} = {8A989634-AF7C-4250-8CB2-E36514DC985B}
		{DB689046-C31C-454E-BADA-2A2605A7EA07} = {65B3792D-A6AE-429B-BAFE-B48F2D93600A}
		{A72829C5-DE49-4D36-9FC8-81A3CBB46052} = {930764C9-5229-407A-B6AF-2021D0958839}
		{C9EB3E16-DA68-452D-BEBA-B7284FD690D3} = {930764C9-5229-407A-B6AF-2021D0958839}
		{9EDB2046-D607-48A9-8435-3C26995ECA1F} = {930764C9-5229-407A-B6AF-2021D0958839}
		{1AAC0059-FE1D-43F4-B13E-60C1D2DC3460} = {2DE4CE70-C913-4D42-B56B-780D978D2256}
		{D4209762-2508-424A-810A-D578ED3FD271} = {2DE4CE70-C913-4D42-B56B-780D978D2256}
		{8A80A951-B04F-4FEA-A7DE-471E24B05FA9} = {2DE4CE70-C913-4D42-B56B-780D978D2256}
		{309A7F55-F165-436B-ABA9-3BD166F8299E} = {FEC8A1CA-6E58-4498-9B18-D01F1E1F0CA0}
		{F19E866D-C881-43CA-B12E-9235D85267C4} = {FEC8A1CA-6E58-4498-9B18-D01F1E1F0CA0}
		{FF4A7B1F-B80D-4520-91EB-F127B077A0B0} = {FEC8A1CA-6E58-4498-9B18-D01F1E1F0CA0}
		{BF691CF0-62C4-4DC6-A454-35E9BF53B59F} = {FCB7A8BA-1272-4647-A77A-D20FDA88BDAA}
	EndGlobalSection
	GlobalSection(ExtensibilityGlobals) = postSolution
		SolutionGuid = {0472B476-55F3-4211-BD9D-5D456CD317E4}
	EndGlobalSection
EndGlobal
